
Microsoft Visual Studio Solution File, Format Version 12.00
# Visual Studio Version 17
VisualStudioVersion = 17.14.37012.4 d17.14
MinimumVisualStudioVersion = 10.0.40219.1
Project("{FAE04EC0-301F-11D3-BF4B-00C04F79EFBC}") = "BizSecureDemo22180087", "BizSecureDemo22180087\BizSecureDemo22180087.csproj", "{40130C2E-964B-46FD-8EB7-0B111C48175A}"
EndProject
Global
	GlobalSection(SolutionConfigurationPlatforms) = preSolution
		Debug|Any CPU = Debug|Any CPU
		Release|Any CPU = Release|Any CPU
	EndGlobalSection
	GlobalSection(ProjectConfigurationPlatforms) = postSolution
		{40130C2E-964B-46FD-8EB7-0B111C48175A}.Debug|Any CPU.ActiveCfg = Debug|Any CPU
		{40130C2E-964B-46FD-8EB7-0B111C48175A}.Debug|Any CPU.Build.0 = Debug|Any CPU
		{40130C2E-964B-46FD-8EB7-0B111C48175A}.Release|Any CPU.ActiveCfg = Release|Any CPU
		{40130C2E-964B-46FD-8EB7-0B111C48175A}.Release|Any CPU.Build.0 = Release|Any CPU
	EndGlobalSection
	GlobalSection(SolutionProperties) = preSolution
		HideSolutionNode = FALSE
	EndGlobalSection
	GlobalSection(ExtensibilityGlobals) = postSolution
		SolutionGuid = {F84DF29A-8D83-4962-B7F1-A088C0FE1E48}
	EndGlobalSection
EndGlobal
